// !$*UTF8*$!
{
	archiveVersion = 1;
	classes = {
	};
	objectVersion = 46;
	objects = {

/* Begin PBXBuildFile section */
		5742AB261AF2C93E00738843 /* AppDelegate.m in Sources */ = {isa = PBXBuildFile; fileRef = 5742AB251AF2C93E00738843 /* AppDelegate.m */; };
		5742AB281AF2C93E00738843 /* main.m in Sources */ = {isa = PBXBuildFile; fileRef = 5742AB271AF2C93E00738843 /* main.m */; };
		5742AB2B1AF2C93E00738843 /* ViewController.m in Sources */ = {isa = PBXBuildFile; fileRef = 5742AB2A1AF2C93E00738843 /* ViewController.m */; };
		5742AB2D1AF2C93E00738843 /* Images.xcassets in Resources */ = {isa = PBXBuildFile; fileRef = 5742AB2C1AF2C93E00738843 /* Images.xcassets */; };
		5742AB301AF2C93E00738843 /* Main.storyboard in Resources */ = {isa = PBXBuildFile; fileRef = 5742AB2E1AF2C93E00738843 /* Main.storyboard */; };
		5742AB3C1AF2C93E00738843 /* Tests.m in Sources */ = {isa = PBXBuildFile; fileRef = 5742AB3B1AF2C93E00738843 /* Tests.m */; };
/* End PBXBuildFile section */

/* Begin PBXContainerItemProxy section */
		5742AB361AF2C93E00738843 /* PBXContainerItemProxy */ = {
			isa = PBXContainerItemProxy;
			containerPortal = 5742AB171AF2C93E00738843 /* Project object */;
			proxyType = 1;
			remoteGlobalIDString = 5742AB1E1AF2C93E00738843;
			remoteInfo = PROJECT;
		};
/* End PBXContainerItemProxy section */

/* Begin PBXFileReference section */
		5742AB1F1AF2C93E00738843 /* PROJECT.app */ = {isa = PBXFileReference; explicitFileType = wrapper.application; includeInIndex = 0; path = PROJECT.app; sourceTree = BUILT_PRODUCTS_DIR; };
		5742AB231AF2C93E00738843 /* Info.plist */ = {isa = PBXFileReference; lastKnownFileType = text.plist.xml; path = Info.plist; sourceTree = "<group>"; };
		5742AB241AF2C93E00738843 /* CPDAppDelegate.h */ = {isa = PBXFileReference; lastKnownFileType = sourcecode.c.h; path = CPDAppDelegate.h; sourceTree = "<group>"; };
		5742AB251AF2C93E00738843 /* CPDAppDelegate.m */ = {isa = PBXFileReference; lastKnownFileType = sourcecode.c.objc; path = CPDAppDelegate.m; sourceTree = "<group>"; };
		5742AB271AF2C93E00738843 /* main.m */ = {isa = PBXFileReference; lastKnownFileType = sourcecode.c.objc; path = main.m; sourceTree = "<group>"; };
		5742AB291AF2C93E00738843 /* CPDViewController.h */ = {isa = PBXFileReference; lastKnownFileType = sourcecode.c.h; path = CPDViewController.h; sourceTree = "<group>"; };
		5742AB2A1AF2C93E00738843 /* CPDViewController.m */ = {isa = PBXFileReference; lastKnownFileType = sourcecode.c.objc; path = CPDViewController.m; sourceTree = "<group>"; };
		5742AB2C1AF2C93E00738843 /* Images.xcassets */ = {isa = PBXFileReference; lastKnownFileType = folder.assetcatalog; path = Images.xcassets; sourceTree = "<group>"; };
		5742AB2F1AF2C93E00738843 /* Base */ = {isa = PBXFileReference; lastKnownFileType = file.storyboard; name = Base; path = Base.lproj/Main.storyboard; sourceTree = "<group>"; };
		5742AB351AF2C93E00738843 /* Tests.xctest */ = {isa = PBXFileReference; explicitFileType = wrapper.cfbundle; includeInIndex = 0; path = Tests.xctest; sourceTree = BUILT_PRODUCTS_DIR; };
		5742AB3A1AF2C93E00738843 /* Info.plist */ = {isa = PBXFileReference; lastKnownFileType = text.plist.xml; path = Info.plist; sourceTree = "<group>"; };
		5742AB3B1AF2C93E00738843 /* Tests.m */ = {isa = PBXFileReference; lastKnownFileType = sourcecode.c.objc; path = Tests.m; sourceTree = "<group>"; };
/* End PBXFileReference section */

/* Begin PBXFrameworksBuildPhase section */
		5742AB1C1AF2C93E00738843 /* Frameworks */ = {
			isa = PBXFrameworksBuildPhase;
			buildActionMask = 2147483647;
			files = (
			);
			runOnlyForDeploymentPostprocessing = 0;
		};
		5742AB321AF2C93E00738843 /* Frameworks */ = {
			isa = PBXFrameworksBuildPhase;
			buildActionMask = 2147483647;
			files = (
			);
			runOnlyForDeploymentPostprocessing = 0;
		};
/* End PBXFrameworksBuildPhase section */

/* Begin PBXGroup section */
		5742AB161AF2C93E00738843 = {
			isa = PBXGroup;
			children = (
				60FF7A9C1954A5C5007DD14C /* Podspec Metadata */,
				5742AB211AF2C93E00738843 /* PROJECT */,
				5742AB381AF2C93E00738843 /* Tests */,
				5742AB201AF2C93E00738843 /* Products */,
			);
			sourceTree = "<group>";
		};
		5742AB201AF2C93E00738843 /* Products */ = {
			isa = PBXGroup;
			children = (
				5742AB1F1AF2C93E00738843 /* PROJECT.app */,
				5742AB351AF2C93E00738843 /* Tests.xctest */,
			);
			name = Products;
			sourceTree = "<group>";
		};
		5742AB211AF2C93E00738843 /* PROJECT */ = {
			isa = PBXGroup;
			children = (
				5742AB241AF2C93E00738843 /* CPDAppDelegate.h */,
				5742AB251AF2C93E00738843 /* CPDAppDelegate.m */,
				5742AB291AF2C93E00738843 /* CPDViewController.h */,
				5742AB2A1AF2C93E00738843 /* CPDViewController.m */,
				5742AB2C1AF2C93E00738843 /* Images.xcassets */,
				5742AB2E1AF2C93E00738843 /* Main.storyboard */,
				5742AB221AF2C93E00738843 /* Supporting Files */,
			);
			path = PROJECT;
			sourceTree = "<group>";
		};
		5742AB221AF2C93E00738843 /* Supporting Files */ = {
			isa = PBXGroup;
			children = (
				5742AB231AF2C93E00738843 /* Info.plist */,
				5742AB271AF2C93E00738843 /* main.m */,
			);
			name = "Supporting Files";
			sourceTree = "<group>";
		};
		5742AB381AF2C93E00738843 /* Tests */ = {
			isa = PBXGroup;
			children = (
				5742AB3B1AF2C93E00738843 /* Tests.m */,
				5742AB391AF2C93E00738843 /* Supporting Files */,
			);
			path = Tests;
			sourceTree = "<group>";
		};
		5742AB391AF2C93E00738843 /* Supporting Files */ = {
			isa = PBXGroup;
			children = (
				5742AB3A1AF2C93E00738843 /* Info.plist */,
			);
			name = "Supporting Files";
			sourceTree = "<group>";
		};
		60FF7A9C1954A5C5007DD14C /* Podspec Metadata */ = {
			isa = PBXGroup;
			children = (
			);
			name = "Podspec Metadata";
			sourceTree = "<group>";
		};
/* End PBXGroup section */

/* Begin PBXNativeTarget section */
		5742AB1E1AF2C93E00738843 /* PROJECT */ = {
			isa = PBXNativeTarget;
			buildConfigurationList = 5742AB3F1AF2C93E00738843 /* Build configuration list for PBXNativeTarget "PROJECT" */;
			buildPhases = (
				5742AB1B1AF2C93E00738843 /* Sources */,
				5742AB1C1AF2C93E00738843 /* Frameworks */,
				5742AB1D1AF2C93E00738843 /* Resources */,
			);
			buildRules = (
			);
			dependencies = (
			);
			name = PROJECT;
			productName = PROJECT;
			productReference = 5742AB1F1AF2C93E00738843 /* PROJECT.app */;
			productType = "com.apple.product-type.application";
		};
		5742AB341AF2C93E00738843 /* Tests */ = {
			isa = PBXNativeTarget;
			buildConfigurationList = 5742AB421AF2C93E00738843 /* Build configuration list for PBXNativeTarget "Tests" */;
			buildPhases = (
				5742AB311AF2C93E00738843 /* Sources */,
				5742AB321AF2C93E00738843 /* Frameworks */,
				5742AB331AF2C93E00738843 /* Resources */,
			);
			buildRules = (
			);
			dependencies = (
				5742AB371AF2C93E00738843 /* PBXTargetDependency */,
			);
			name = Tests;
			productName = Tests;
			productReference = 5742AB351AF2C93E00738843 /* Tests.xctest */;
			productType = "com.apple.product-type.bundle.unit-test";
		};
/* End PBXNativeTarget section */

/* Begin PBXProject section */
		5742AB171AF2C93E00738843 /* Project object */ = {
			isa = PBXProject;
			attributes = {
				LastUpgradeCheck = 0630;
				ORGANIZATIONNAME = "PROJECT_OWNER";
				TargetAttributes = {
					5742AB1E1AF2C93E00738843 = {
						CreatedOnToolsVersion = 6.3.1;
					};
					5742AB341AF2C93E00738843 = {
						CreatedOnToolsVersion = 6.3.1;
						TestTargetID = 5742AB1E1AF2C93E00738843;
					};
				};
			};
			buildConfigurationList = 5742AB1A1AF2C93E00738843 /* Build configuration list for PBXProject "PROJECT" */;
			compatibilityVersion = "Xcode 3.2";
			developmentRegion = English;
			hasScannedForEncodings = 0;
			knownRegions = (
				en,
				Base,
			);
			mainGroup = 5742AB161AF2C93E00738843;
			productRefGroup = 5742AB201AF2C93E00738843 /* Products */;
			projectDirPath = "";
			projectRoot = "";
			targets = (
				5742AB1E1AF2C93E00738843 /* PROJECT */,
				5742AB341AF2C93E00738843 /* Tests */,
			);
		};
/* End PBXProject section */

/* Begin PBXResourcesBuildPhase section */
		5742AB1D1AF2C93E00738843 /* Resources */ = {
			isa = PBXResourcesBuildPhase;
			buildActionMask = 2147483647;
			files = (
				5742AB2D1AF2C93E00738843 /* Images.xcassets in Resources */,
				5742AB301AF2C93E00738843 /* Main.storyboard in Resources */,
			);
			runOnlyForDeploymentPostprocessing = 0;
		};
		5742AB331AF2C93E00738843 /* Resources */ = {
			isa = PBXResourcesBuildPhase;
			buildActionMask = 2147483647;
			files = (
			);
			runOnlyForDeploymentPostprocessing = 0;
		};
/* End PBXResourcesBuildPhase section */

/* Begin PBXSourcesBuildPhase section */
		5742AB1B1AF2C93E00738843 /* Sources */ = {
			isa = PBXSourcesBuildPhase;
			buildActionMask = 2147483647;
			files = (
				5742AB2B1AF2C93E00738843 /* ViewController.m in Sources */,
				5742AB281AF2C93E00738843 /* main.m in Sources */,
				5742AB261AF2C93E00738843 /* AppDelegate.m in Sources */,
			);
			runOnlyForDeploymentPostprocessing = 0;
		};
		5742AB311AF2C93E00738843 /* Sources */ = {
			isa = PBXSourcesBuildPhase;
			buildActionMask = 2147483647;
			files = (
				5742AB3C1AF2C93E00738843 /* Tests.m in Sources */,
			);
			runOnlyForDeploymentPostprocessing = 0;
		};
/* End PBXSourcesBuildPhase section */

/* Begin PBXTargetDependency section */
		5742AB371AF2C93E00738843 /* PBXTargetDependency */ = {
			isa = PBXTargetDependency;
			target = 5742AB1E1AF2C93E00738843 /* PROJECT */;
			targetProxy = 5742AB361AF2C93E00738843 /* PBXContainerItemProxy */;
		};
/* End PBXTargetDependency section */

/* Begin PBXVariantGroup section */
		5742AB2E1AF2C93E00738843 /* Main.storyboard */ = {
			isa = PBXVariantGroup;
			children = (
				5742AB2F1AF2C93E00738843 /* Base */,
			);
			name = Main.storyboard;
			sourceTree = "<group>";
		};
/* End PBXVariantGroup section */

/* Begin XCBuildConfiguration section */
		5742AB3D1AF2C93E00738843 /* Debug */ = {
			isa = XCBuildConfiguration;
			buildSettings = {
				ALWAYS_SEARCH_USER_PATHS = NO;
				CLANG_CXX_LANGUAGE_STANDARD = "gnu++0x";
				CLANG_CXX_LIBRARY = "libc++";
				CLANG_ENABLE_MODULES = YES;
				CLANG_ENABLE_OBJC_ARC = YES;
				CLANG_WARN_BOOL_CONVERSION = YES;
				CLANG_WARN_CONSTANT_CONVERSION = YES;
				CLANG_WARN_DIRECT_OBJC_ISA_USAGE = YES_ERROR;
				CLANG_WARN_EMPTY_BODY = YES;
				CLANG_WARN_ENUM_CONVERSION = YES;
				CLANG_WARN_INT_CONVERSION = YES;
				CLANG_WARN_OBJC_ROOT_CLASS = YES_ERROR;
				CLANG_WARN_UNREACHABLE_CODE = YES;
				CLANG_WARN__DUPLICATE_METHOD_MATCH = YES;
				CODE_SIGN_IDENTITY = "-";
				COPY_PHASE_STRIP = NO;
				DEBUG_INFORMATION_FORMAT = dwarf;
				ENABLE_STRICT_OBJC_MSGSEND = YES;
				GCC_C_LANGUAGE_STANDARD = gnu99;
				GCC_DYNAMIC_NO_PIC = NO;
				GCC_NO_COMMON_BLOCKS = YES;
				GCC_OPTIMIZATION_LEVEL = 0;
				GCC_PREPROCESSOR_DEFINITIONS = (
					"DEBUG=1",
					"$(inherited)",
				);
				GCC_SYMBOLS_PRIVATE_EXTERN = NO;
				GCC_WARN_64_TO_32_BIT_CONVERSION = YES;
				GCC_WARN_ABOUT_RETURN_TYPE = YES_ERROR;
				GCC_WARN_UNDECLARED_SELECTOR = YES;
				GCC_WARN_UNINITIALIZED_AUTOS = YES_AGGRESSIVE;
				GCC_WARN_UNUSED_FUNCTION = YES;
				GCC_WARN_UNUSED_VARIABLE = YES;
				MACOSX_DEPLOYMENT_TARGET = 10.10;
				MTL_ENABLE_DEBUG_INFO = YES;
				ONLY_ACTIVE_ARCH = YES;
				SDKROOT = macosx;
			};
			name = Debug;
		};
		5742AB3E1AF2C93E00738843 /* Release */ = {
			isa = XCBuildConfiguration;
			buildSettings = {
				ALWAYS_SEARCH_USER_PATHS = NO;
				CLANG_CXX_LANGUAGE_STANDARD = "gnu++0x";
				CLANG_CXX_LIBRARY = "libc++";
				CLANG_ENABLE_MODULES = YES;
				CLANG_ENABLE_OBJC_ARC = YES;
				CLANG_WARN_BOOL_CONVERSION = YES;
				CLANG_WARN_CONSTANT_CONVERSION = YES;
				CLANG_WARN_DIRECT_OBJC_ISA_USAGE = YES_ERROR;
				CLANG_WARN_EMPTY_BODY = YES;
				CLANG_WARN_ENUM_CONVERSION = YES;
				CLANG_WARN_INT_CONVERSION = YES;
				CLANG_WARN_OBJC_ROOT_CLASS = YES_ERROR;
				CLANG_WARN_UNREACHABLE_CODE = YES;
				CLANG_WARN__DUPLICATE_METHOD_MATCH = YES;
				CODE_SIGN_IDENTITY = "-";
				COPY_PHASE_STRIP = NO;
				DEBUG_INFORMATION_FORMAT = "dwarf-with-dsym";
				ENABLE_NS_ASSERTIONS = NO;
				ENABLE_STRICT_OBJC_MSGSEND = YES;
				GCC_C_LANGUAGE_STANDARD = gnu99;
				GCC_NO_COMMON_BLOCKS = YES;
				GCC_WARN_64_TO_32_BIT_CONVERSION = YES;
				GCC_WARN_ABOUT_RETURN_TYPE = YES_ERROR;
				GCC_WARN_UNDECLARED_SELECTOR = YES;
				GCC_WARN_UNINITIALIZED_AUTOS = YES_AGGRESSIVE;
				GCC_WARN_UNUSED_FUNCTION = YES;
				GCC_WARN_UNUSED_VARIABLE = YES;
				MACOSX_DEPLOYMENT_TARGET = 10.10;
				MTL_ENABLE_DEBUG_INFO = NO;
				SDKROOT = macosx;
			};
			name = Release;
		};
		5742AB401AF2C93E00738843 /* Debug */ = {
			isa = XCBuildConfiguration;
			buildSettings = {
				ASSETCATALOG_COMPILER_APPICON_NAME = AppIcon;
				COMBINE_HIDPI_IMAGES = YES;
				INFOPLIST_FILE = PROJECT/Info.plist;
				LD_RUNPATH_SEARCH_PATHS = "$(inherited) @executable_path/../Frameworks";
				PRODUCT_NAME = "$(TARGET_NAME)";
			};
			name = Debug;
		};
		5742AB411AF2C93E00738843 /* Release */ = {
			isa = XCBuildConfiguration;
			buildSettings = {
				ASSETCATALOG_COMPILER_APPICON_NAME = AppIcon;
				COMBINE_HIDPI_IMAGES = YES;
				INFOPLIST_FILE = PROJECT/Info.plist;
				LD_RUNPATH_SEARCH_PATHS = "$(inherited) @executable_path/../Frameworks";
				PRODUCT_NAME = "$(TARGET_NAME)";
			};
			name = Release;
		};
		5742AB431AF2C93E00738843 /* Debug */ = {
			isa = XCBuildConfiguration;
			buildSettings = {
				BUNDLE_LOADER = "$(TEST_HOST)";
				COMBINE_HIDPI_IMAGES = YES;
				FRAMEWORK_SEARCH_PATHS = (
					"$(DEVELOPER_FRAMEWORKS_DIR)",
					"$(inherited)",
				);
				GCC_PREPROCESSOR_DEFINITIONS = (
					"DEBUG=1",
					"$(inherited)",
				);
				INFOPLIST_FILE = Tests/Info.plist;
				LD_RUNPATH_SEARCH_PATHS = "$(inherited) @executable_path/../Frameworks @loader_path/../Frameworks";
				PRODUCT_NAME = "$(TARGET_NAME)";
				TEST_HOST = "$(BUILT_PRODUCTS_DIR)/PROJECT.app/Contents/MacOS/PROJECT";
			};
			name = Debug;
		};
		5742AB441AF2C93E00738843 /* Release */ = {
			isa = XCBuildConfiguration;
			buildSettings = {
				BUNDLE_LOADER = "$(TEST_HOST)";
				COMBINE_HIDPI_IMAGES = YES;
				FRAMEWORK_SEARCH_PATHS = (
					"$(DEVELOPER_FRAMEWORKS_DIR)",
					"$(inherited)",
				);
				INFOPLIST_FILE = Tests/Info.plist;
				LD_RUNPATH_SEARCH_PATHS = "$(inherited) @executable_path/../Frameworks @loader_path/../Frameworks";
				PRODUCT_NAME = "$(TARGET_NAME)";
				TEST_HOST = "$(BUILT_PRODUCTS_DIR)/PROJECT.app/Contents/MacOS/PROJECT";
			};
			name = Release;
		};
/* End XCBuildConfiguration section */

/* Begin XCConfigurationList section */
		5742AB1A1AF2C93E00738843 /* Build configuration list for PBXProject "PROJECT" */ = {
			isa = XCConfigurationList;
			buildConfigurations = (
				5742AB3D1AF2C93E00738843 /* Debug */,
				5742AB3E1AF2C93E00738843 /* Release */,
			);
			defaultConfigurationIsVisible = 0;
			defaultConfigurationName = Release;
		};
		5742AB3F1AF2C93E00738843 /* Build configuration list for PBXNativeTarget "PROJECT" */ = {
			isa = XCConfigurationList;
			buildConfigurations = (
				5742AB401AF2C93E00738843 /* Debug */,
				5742AB411AF2C93E00738843 /* Release */,
			);
			defaultConfigurationIsVisible = 0;
		};
		5742AB421AF2C93E00738843 /* Build configuration list for PBXNativeTarget "Tests" */ = {
			isa = XCConfigurationList;
			buildConfigurations = (
				5742AB431AF2C93E00738843 /* Debug */,
				5742AB441AF2C93E00738843 /* Release */,
			);
			defaultConfigurationIsVisible = 0;
		};
/* End XCConfigurationList section */
	};
	rootObject = 5742AB171AF2C93E00738843 /* Project object */;
}
